
Microsoft Visual Studio Solution File, Format Version 12.00
# Visual Studio Version 16
VisualStudioVersion = 16.0.32228.343
MinimumVisualStudioVersion = 10.0.40219.1
Project("{FAE04EC0-301F-11D3-BF4B-00C04F79EFBC}") = "file transfer v2", "file transfer v2\file transfer v2.csproj", "{52520C2B-4F72-4B39-8606-D4BA9D3AC2E0}"
EndProject
Global
	GlobalSection(SolutionConfigurationPlatforms) = preSolution
		Debug|Any CPU = Debug|Any CPU
		Release|Any CPU = Release|Any CPU
	EndGlobalSection
	GlobalSection(ProjectConfigurationPlatforms) = postSolution
		{52520C2B-4F72-4B39-8606-D4BA9D3AC2E0}.Debug|Any CPU.ActiveCfg = Debug|Any CPU
		{52520C2B-4F72-4B39-8606-D4BA9D3AC2E0}.Debug|Any CPU.Build.0 = Debug|Any CPU
		{52520C2B-4F72-4B39-8606-D4BA9D3AC2E0}.Release|Any CPU.ActiveCfg = Release|Any CPU
		{52520C2B-4F72-4B39-8606-D4BA9D3AC2E0}.Release|Any CPU.Build.0 = Release|Any CPU
	EndGlobalSection
	GlobalSection(SolutionProperties) = preSolution
		HideSolutionNode = FALSE
	EndGlobalSection
	GlobalSection(ExtensibilityGlobals) = postSolution
		SolutionGuid = {5703BD8A-157E-4204-9740-58B5765306A7}
	EndGlobalSection
EndGlobal
